
Microsoft Visual Studio Solution File, Format Version 12.00
# Visual Studio Version 16
VisualStudioVersion = 16.0.30503.244
MinimumVisualStudioVersion = 10.0.40219.1
Project("{FAE04EC0-301F-11D3-BF4B-00C04F79EFBC}") = "Hello World", "Hello World\Hello World.csproj", "{D2D1B376-DE55-480A-831B-47DAB6561BE5}"
EndProject
Global
	GlobalSection(SolutionConfigurationPlatforms) = preSolution
		Debug|Any CPU = Debug|Any CPU
		Release|Any CPU = Release|Any CPU
	EndGlobalSection
	GlobalSection(ProjectConfigurationPlatforms) = postSolution
		{D2D1B376-DE55-480A-831B-47DAB6561BE5}.Debug|Any CPU.ActiveCfg = Debug|Any CPU
		{D2D1B376-DE55-480A-831B-47DAB6561BE5}.Debug|Any CPU.Build.0 = Debug|Any CPU
		{D2D1B376-DE55-480A-831B-47DAB6561BE5}.Release|Any CPU.ActiveCfg = Release|Any CPU
		{D2D1B376-DE55-480A-831B-47DAB6561BE5}.Release|Any CPU.Build.0 = Release|Any CPU
	EndGlobalSection
	GlobalSection(SolutionProperties) = preSolution
		HideSolutionNode = FALSE
	EndGlobalSection
	GlobalSection(ExtensibilityGlobals) = postSolution
		SolutionGuid = {A8421D09-08A5-434F-9003-0B895F4692E7}
	EndGlobalSection
EndGlobal
